
Microsoft Visual Studio Solution File, Format Version 12.00
# Visual Studio Version 16
VisualStudioVersion = 16.0.33927.289
MinimumVisualStudioVersion = 10.0.40219.1
Project("{2150E333-8FDC-42A3-9474-1A3956D46DE8}") = "Task0", "Task0", "{211B8795-2B1E-4052-9A23-CC435A7E523D}"
EndProject
Project("{FAE04EC0-301F-11D3-BF4B-00C04F79EFBC}") = "Tyuiu.KupriyanovEA.Sprint0.Task0.V0", "Tyuiu.KupriyanovEA.Sprint0.Task0.V0\Tyuiu.KupriyanovEA.Sprint0.Task0.V0.csproj", "{E1692B7F-595D-4332-80C9-D7B587F8977F}"
EndProject
Project("{2150E333-8FDC-42A3-9474-1A3956D46DE8}") = "Task1", "Task1", "{64B7C992-2CE2-4240-80E3-B4F19C4432C3}"
EndProject
Project("{FAE04EC0-301F-11D3-BF4B-00C04F79EFBC}") = "Tyuiu.KupriyanovEA.Sprint0.Task1.V0", "Tyuiu.KupriyanovEA.Sprint0.Task1.V0\Tyuiu.KupriyanovEA.Sprint0.Task1.V0.csproj", "{B3F79A8E-2FCA-4B07-A020-2E83D1DF3FD9}"
EndProject
Project("{2150E333-8FDC-42A3-9474-1A3956D46DE8}") = "Task2", "Task2", "{5DE32EA1-DAF3-4B60-8F04-22AF958FCF48}"
EndProject
Project("{FAE04EC0-301F-11D3-BF4B-00C04F79EFBC}") = "Tyuiu.KupriyanovEA.Sprint0.Task2.V0", "Tyuiu.KupriyanovEA.Sprint0.Task2.V0\Tyuiu.KupriyanovEA.Sprint0.Task2.V0.csproj", "{3311A1B3-589C-45AC-AE54-455658ECB62B}"
EndProject
Project("{FAE04EC0-301F-11D3-BF4B-00C04F79EFBC}") = "Tyuiu.KupriyanovEA.Sprint0.Task2.V0.Lib", "Tyuiu.KupriyanovEA.Sprint0.Task2.V0.Lib\Tyuiu.KupriyanovEA.Sprint0.Task2.V0.Lib.csproj", "{FFFDC52C-BE18-4B1B-AAFC-33D18B7D2906}"
EndProject
Project("{FAE04EC0-301F-11D3-BF4B-00C04F79EFBC}") = "Tyuiu.KupriyanovEA.Sprint0.Task2.V0.Test", "Tyuiu.KupriyanovEA.Sprint0.Task2.V0.Test\Tyuiu.KupriyanovEA.Sprint0.Task2.V0.Test.csproj", "{6391BCCA-17D7-470B-839D-252B9DD8DC54}"
EndProject
Project("{2150E333-8FDC-42A3-9474-1A3956D46DE8}") = "Task3", "Task3", "{97110ABF-8DE0-45EE-B05D-1D07615434DF}"
EndProject
Project("{FAE04EC0-301F-11D3-BF4B-00C04F79EFBC}") = "Tyuiu.KupriyanovEA.Sprint0.Task3.V0", "Tyuiu.KupriyanovEA.Sprint0.Task3.V0\Tyuiu.KupriyanovEA.Sprint0.Task3.V0.csproj", "{BA344D1A-768E-461C-B890-D5D84DA73954}"
EndProject
Project("{FAE04EC0-301F-11D3-BF4B-00C04F79EFBC}") = "Tyuiu.KupriyanovEA.Sprint0.Task3.V0.Lib", "Tyuiu.KupriyanovEA.Sprint0.Task3.V0.Lib\Tyuiu.KupriyanovEA.Sprint0.Task3.V0.Lib.csproj", "{23FC86F1-E6F0-45E6-AAD8-683623B5DFB7}"
EndProject
Project("{FAE04EC0-301F-11D3-BF4B-00C04F79EFBC}") = "Tyuiu.KupriyanovEA.Sprint0.Task3.V0.Test", "Tyuiu.KupriyanovEA.Sprint0.Task3.V0.Test\Tyuiu.KupriyanovEA.Sprint0.Task3.V0.Test.csproj", "{2DF53ECE-0787-44FF-A776-827A468DC49A}"
EndProject
Project("{2150E333-8FDC-42A3-9474-1A3956D46DE8}") = "Task4", "Task4", "{923AFCD7-3EB6-49F2-884A-E90E30AC34C4}"
EndProject
Project("{FAE04EC0-301F-11D3-BF4B-00C04F79EFBC}") = "Tyuiu.KupriyanovEA.Sprint0.Task4.V0", "Tyuiu.KupriyanovEA.Sprint0.Task4.V0\Tyuiu.KupriyanovEA.Sprint0.Task4.V0.csproj", "{3B709837-EB8A-45DF-BEFF-F4B824F6B23D}"
EndProject
Project("{FAE04EC0-301F-11D3-BF4B-00C04F79EFBC}") = "Tyuiu.KupriyanovEA.Sprint0.Task4.V0.Lib", "Tyuiu.KupriyanovEA.Sprint0.Task4.V0.Lib\Tyuiu.KupriyanovEA.Sprint0.Task4.V0.Lib.csproj", "{F273C47F-906C-4721-ABD5-686AAD4416D9}"
EndProject
Project("{FAE04EC0-301F-11D3-BF4B-00C04F79EFBC}") = "Tyuiu.KupriyanovEA.Sprint0.Task4.V0.Test", "Tyuiu.KupriyanovEA.Sprint0.Task4.V0.Test\Tyuiu.KupriyanovEA.Sprint0.Task4.V0.Test.csproj", "{6AF1DC37-341B-4FE5-BBCA-BA8D2B43F10D}"
EndProject
Global
	GlobalSection(SolutionConfigurationPlatforms) = preSolution
		Debug|Any CPU = Debug|Any CPU
		Release|Any CPU = Release|Any CPU
	EndGlobalSection
	GlobalSection(ProjectConfigurationPlatforms) = postSolution
		{E1692B7F-595D-4332-80C9-D7B587F8977F}.Debug|Any CPU.ActiveCfg = Debug|Any CPU
		{E1692B7F-595D-4332-80C9-D7B587F8977F}.Debug|Any CPU.Build.0 = Debug|Any CPU
		{E1692B7F-595D-4332-80C9-D7B587F8977F}.Release|Any CPU.ActiveCfg = Release|Any CPU
		{E1692B7F-595D-4332-80C9-D7B587F8977F}.Release|Any CPU.Build.0 = Release|Any CPU
		{B3F79A8E-2FCA-4B07-A020-2E83D1DF3FD9}.Debug|Any CPU.ActiveCfg = Debug|Any CPU
		{B3F79A8E-2FCA-4B07-A020-2E83D1DF3FD9}.Debug|Any CPU.Build.0 = Debug|Any CPU
		{B3F79A8E-2FCA-4B07-A020-2E83D1DF3FD9}.Release|Any CPU.ActiveCfg = Release|Any CPU
		{B3F79A8E-2FCA-4B07-A020-2E83D1DF3FD9}.Release|Any CPU.Build.0 = Release|Any CPU
		{3311A1B3-589C-45AC-AE54-455658ECB62B}.Debug|Any CPU.ActiveCfg = Debug|Any CPU
		{3311A1B3-589C-45AC-AE54-455658ECB62B}.Debug|Any CPU.Build.0 = Debug|Any CPU
		{3311A1B3-589C-45AC-AE54-455658ECB62B}.Release|Any CPU.ActiveCfg = Release|Any CPU
		{3311A1B3-589C-45AC-AE54-455658ECB62B}.Release|Any CPU.Build.0 = Release|Any CPU
		{FFFDC52C-BE18-4B1B-AAFC-33D18B7D2906}.Debug|Any CPU.ActiveCfg = Debug|Any CPU
		{FFFDC52C-BE18-4B1B-AAFC-33D18B7D2906}.Debug|Any CPU.Build.0 = Debug|Any CPU
		{FFFDC52C-BE18-4B1B-AAFC-33D18B7D2906}.Release|Any CPU.ActiveCfg = Release|Any CPU
		{FFFDC52C-BE18-4B1B-AAFC-33D18B7D2906}.Release|Any CPU.Build.0 = Release|Any CPU
		{6391BCCA-17D7-470B-839D-252B9DD8DC54}.Debug|Any CPU.ActiveCfg = Debug|Any CPU
		{6391BCCA-17D7-470B-839D-252B9DD8DC54}.Debug|Any CPU.Build.0 = Debug|Any CPU
		{6391BCCA-17D7-470B-839D-252B9DD8DC54}.Release|Any CPU.ActiveCfg = Release|Any CPU
		{6391BCCA-17D7-470B-839D-252B9DD8DC54}.Release|Any CPU.Build.0 = Release|Any CPU
		{BA344D1A-768E-461C-B890-D5D84DA73954}.Debug|Any CPU.ActiveCfg = Debug|Any CPU
		{BA344D1A-768E-461C-B890-D5D84DA73954}.Debug|Any CPU.Build.0 = Debug|Any CPU
		{BA344D1A-768E-461C-B890-D5D84DA73954}.Release|Any CPU.ActiveCfg = Release|Any CPU
		{BA344D1A-768E-461C-B890-D5D84DA73954}.Release|Any CPU.Build.0 = Release|Any CPU
		{23FC86F1-E6F0-45E6-AAD8-683623B5DFB7}.Debug|Any CPU.ActiveCfg = Debug|Any CPU
		{23FC86F1-E6F0-45E6-AAD8-683623B5DFB7}.Debug|Any CPU.Build.0 = Debug|Any CPU
		{23FC86F1-E6F0-45E6-AAD8-683623B5DFB7}.Release|Any CPU.ActiveCfg = Release|Any CPU
		{23FC86F1-E6F0-45E6-AAD8-683623B5DFB7}.Release|Any CPU.Build.0 = Release|Any CPU
		{2DF53ECE-0787-44FF-A776-827A468DC49A}.Debug|Any CPU.ActiveCfg = Debug|Any CPU
		{2DF53ECE-0787-44FF-A776-827A468DC49A}.Debug|Any CPU.Build.0 = Debug|Any CPU
		{2DF53ECE-0787-44FF-A776-827A468DC49A}.Release|Any CPU.ActiveCfg = Release|Any CPU
		{2DF53ECE-0787-44FF-A776-827A468DC49A}.Release|Any CPU.Build.0 = Release|Any CPU
		{3B709837-EB8A-45DF-BEFF-F4B824F6B23D}.Debug|Any CPU.ActiveCfg = Debug|Any CPU
		{3B709837-EB8A-45DF-BEFF-F4B824F6B23D}.Debug|Any CPU.Build.0 = Debug|Any CPU
		{3B709837-EB8A-45DF-BEFF-F4B824F6B23D}.Release|Any CPU.ActiveCfg = Release|Any CPU
		{3B709837-EB8A-45DF-BEFF-F4B824F6B23D}.Release|Any CPU.Build.0 = Release|Any CPU
		{F273C47F-906C-4721-ABD5-686AAD4416D9}.Debug|Any CPU.ActiveCfg = Debug|Any CPU
		{F273C47F-906C-4721-ABD5-686AAD4416D9}.Debug|Any CPU.Build.0 = Debug|Any CPU
		{F273C47F-906C-4721-ABD5-686AAD4416D9}.Release|Any CPU.ActiveCfg = Release|Any CPU
		{F273C47F-906C-4721-ABD5-686AAD4416D9}.Release|Any CPU.Build.0 = Release|Any CPU
		{6AF1DC37-341B-4FE5-BBCA-BA8D2B43F10D}.Debug|Any CPU.ActiveCfg = Debug|Any CPU
		{6AF1DC37-341B-4FE5-BBCA-BA8D2B43F10D}.Debug|Any CPU.Build.0 = Debug|Any CPU
		{6AF1DC37-341B-4FE5-BBCA-BA8D2B43F10D}.Release|Any CPU.ActiveCfg = Release|Any CPU
		{6AF1DC37-341B-4FE5-BBCA-BA8D2B43F10D}.Release|Any CPU.Build.0 = Release|Any CPU
	EndGlobalSection
	GlobalSection(SolutionProperties) = preSolution
		HideSolutionNode = FALSE
	EndGlobalSection
	GlobalSection(NestedProjects) = preSolution
		{E1692B7F-595D-4332-80C9-D7B587F8977F} = {211B8795-2B1E-4052-9A23-CC435A7E523D}
		{B3F79A8E-2FCA-4B07-A020-2E83D1DF3FD9} = {64B7C992-2CE2-4240-80E3-B4F19C4432C3}
		{3311A1B3-589C-45AC-AE54-455658ECB62B} = {5DE32EA1-DAF3-4B60-8F04-22AF958FCF48}
		{FFFDC52C-BE18-4B1B-AAFC-33D18B7D2906} = {5DE32EA1-DAF3-4B60-8F04-22AF958FCF48}
		{6391BCCA-17D7-470B-839D-252B9DD8DC54} = {5DE32EA1-DAF3-4B60-8F04-22AF958FCF48}
		{BA344D1A-768E-461C-B890-D5D84DA73954} = {97110ABF-8DE0-45EE-B05D-1D07615434DF}
		{23FC86F1-E6F0-45E6-AAD8-683623B5DFB7} = {97110ABF-8DE0-45EE-B05D-1D07615434DF}
		{2DF53ECE-0787-44FF-A776-827A468DC49A} = {97110ABF-8DE0-45EE-B05D-1D07615434DF}
		{3B709837-EB8A-45DF-BEFF-F4B824F6B23D} = {923AFCD7-3EB6-49F2-884A-E90E30AC34C4}
		{F273C47F-906C-4721-ABD5-686AAD4416D9} = {923AFCD7-3EB6-49F2-884A-E90E30AC34C4}
		{6AF1DC37-341B-4FE5-BBCA-BA8D2B43F10D} = {923AFCD7-3EB6-49F2-884A-E90E30AC34C4}
	EndGlobalSection
	GlobalSection(ExtensibilityGlobals) = postSolution
		SolutionGuid = {CFD07CDA-66FF-4C84-9436-93174FC811F2}
	EndGlobalSection
EndGlobal
